{
  "requires": true,
  "lockfileVersion": 1,
  "dependencies": {
    "framer-motion": {
      "version": "11.1.5",
      "resolved": "https://registry.npmjs.org/framer-motion/-/framer-motion-11.1.5.tgz",
      "integrity": "sha512-ogK5fc0GBUT3AjzMXPx7f74m5V1ByRqkKQARBVHpdkYTNDxb/WriANYD+5JBo1wklQQJ1HayDZtmofQLqZFcbw==",
      "requires": {
        "tslib": "^2.4.0"
      }
    },
    "tslib": {
      "version": "2.6.2",
      "resolved": "https://registry.npmjs.org/tslib/-/tslib-2.6.2.tgz",
      "integrity": "sha512-AEYxH93jGFPn/a2iVAwW87VuUIkR1FVUKB77NwMF7nBTDkDrrT/Hpt/IrCJ0QXhW27jTBDcf5ZY7w6RiqTMw2Q=="
    }
  }
}
